
Microsoft Visual Studio Solution File, Format Version 12.00
# Visual Studio Version 17
VisualStudioVersion = 17.9.34723.18
MinimumVisualStudioVersion = 10.0.40219.1
Project("{FAE04EC0-301F-11D3-BF4B-00C04F79EFBC}") = "TIA Project Tool", "TIA Project Tool\TIA Project Tool.csproj", "{6BC203B1-B02B-4D14-B32F-BDC9C541B5F5}"
EndProject
Project("{54435603-DBB4-11D2-8724-00A0C9A8B90C}") = "TIATool Installer", "TIATool Installer\TIATool Installer.vdproj", "{69C7B331-20B6-5E6B-7765-E0242C8D897E}"
EndProject
Global
	GlobalSection(SolutionConfigurationPlatforms) = preSolution
		Debug|Any CPU = Debug|Any CPU
		Release|Any CPU = Release|Any CPU
	EndGlobalSection
	GlobalSection(ProjectConfigurationPlatforms) = postSolution
		{6BC203B1-B02B-4D14-B32F-BDC9C541B5F5}.Debug|Any CPU.ActiveCfg = Debug|Any CPU
		{6BC203B1-B02B-4D14-B32F-BDC9C541B5F5}.Debug|Any CPU.Build.0 = Debug|Any CPU
		{6BC203B1-B02B-4D14-B32F-BDC9C541B5F5}.Release|Any CPU.ActiveCfg = Release|Any CPU
		{6BC203B1-B02B-4D14-B32F-BDC9C541B5F5}.Release|Any CPU.Build.0 = Release|Any CPU
		{69C7B331-20B6-5E6B-7765-E0242C8D897E}.Debug|Any CPU.ActiveCfg = Debug
		{69C7B331-20B6-5E6B-7765-E0242C8D897E}.Release|Any CPU.ActiveCfg = Release
		{69C7B331-20B6-5E6B-7765-E0242C8D897E}.Release|Any CPU.Build.0 = Release
	EndGlobalSection
	GlobalSection(SolutionProperties) = preSolution
		HideSolutionNode = FALSE
	EndGlobalSection
	GlobalSection(ExtensibilityGlobals) = postSolution
		SolutionGuid = {863D4F37-C918-4D98-9D2D-EDBB4CD0C209}
	EndGlobalSection
EndGlobal
